// !$*UTF8*$!
{
	archiveVersion = 1;
	classes = {
	};
	objectVersion = 56;
	objects = {

/* Begin PBXBuildFile section */
		74183F8F2BB2E7C200CC62DB /* AppDelegate.swift in Sources */ = {isa = PBXBuildFile; fileRef = 74183F8E2BB2E7C200CC62DB /* AppDelegate.swift */; };
		74183F912BB2E7C200CC62DB /* MainViewController.swift in Sources */ = {isa = PBXBuildFile; fileRef = 74183F902BB2E7C200CC62DB /* MainViewController.swift */; };
		74183F932BB2E7C300CC62DB /* Assets.xcassets in Resources */ = {isa = PBXBuildFile; fileRef = 74183F922BB2E7C300CC62DB /* Assets.xcassets */; };
		74183FA32BB2E96D00CC62DB /* MainMenuPresenter.swift in Sources */ = {isa = PBXBuildFile; fileRef = 74183FA22BB2E96D00CC62DB /* MainMenuPresenter.swift */; };
		74183FA92BB2E9F000CC62DB /* SimulatorsListPresenter.swift in Sources */ = {isa = PBXBuildFile; fileRef = 74183FA82BB2E9F000CC62DB /* SimulatorsListPresenter.swift */; };
		74183FAD2BB2EB7B00CC62DB /* SimulatorsListViewController.swift in Sources */ = {isa = PBXBuildFile; fileRef = 74183FAC2BB2EB7B00CC62DB /* SimulatorsListViewController.swift */; };
		74183FB02BB2F1B700CC62DB /* MainMenuFlowCoordinator.swift in Sources */ = {isa = PBXBuildFile; fileRef = 74183FAF2BB2F1B700CC62DB /* MainMenuFlowCoordinator.swift */; };
		74183FB22BB2F46E00CC62DB /* MainMenuModuleBuilder.swift in Sources */ = {isa = PBXBuildFile; fileRef = 74183FB12BB2F46E00CC62DB /* MainMenuModuleBuilder.swift */; };
		74183FB62BB2FD9400CC62DB /* main.swift in Sources */ = {isa = PBXBuildFile; fileRef = 74183FB52BB2FD9400CC62DB /* main.swift */; };
		74183FB82BB3057700CC62DB /* SimulatorsListModuleBuilder.swift in Sources */ = {isa = PBXBuildFile; fileRef = 74183FB72BB3057700CC62DB /* SimulatorsListModuleBuilder.swift */; };
		74183FBB2BB30FC700CC62DB /* ConsoleCommandActivator.swift in Sources */ = {isa = PBXBuildFile; fileRef = 74183FBA2BB30FC700CC62DB /* ConsoleCommandActivator.swift */; };
		74183FBE2BB310C200CC62DB /* Device.swift in Sources */ = {isa = PBXBuildFile; fileRef = 74183FBD2BB310C200CC62DB /* Device.swift */; };
		74183FC02BB310E700CC62DB /* DeviceList.swift in Sources */ = {isa = PBXBuildFile; fileRef = 74183FBF2BB310E700CC62DB /* DeviceList.swift */; };
		74183FC22BB3110700CC62DB /* DeviceInfoParser.swift in Sources */ = {isa = PBXBuildFile; fileRef = 74183FC12BB3110700CC62DB /* DeviceInfoParser.swift */; };
		749573772BB45E25006C3FE4 /* DeviceTableViewCell.swift in Sources */ = {isa = PBXBuildFile; fileRef = 749573762BB45E25006C3FE4 /* DeviceTableViewCell.swift */; };
		F5490896E553747FA200A63C /* Pods_SwiftyTesterX.framework in Frameworks */ = {isa = PBXBuildFile; fileRef = EAADB4258810D7FF84326F64 /* Pods_SwiftyTesterX.framework */; };
/* End PBXBuildFile section */

/* Begin PBXFileReference section */
		1D710AAD7DA5901C485BA30B /* Pods-SwiftyTesterX.debug.xcconfig */ = {isa = PBXFileReference; includeInIndex = 1; lastKnownFileType = text.xcconfig; name = "Pods-SwiftyTesterX.debug.xcconfig"; path = "Target Support Files/Pods-SwiftyTesterX/Pods-SwiftyTesterX.debug.xcconfig"; sourceTree = "<group>"; };
		74183F8B2BB2E7C200CC62DB /* SwiftyTesterX.app */ = {isa = PBXFileReference; explicitFileType = wrapper.application; includeInIndex = 0; path = SwiftyTesterX.app; sourceTree = BUILT_PRODUCTS_DIR; };
		74183F8E2BB2E7C200CC62DB /* AppDelegate.swift */ = {isa = PBXFileReference; lastKnownFileType = sourcecode.swift; path = AppDelegate.swift; sourceTree = "<group>"; };
		74183F902BB2E7C200CC62DB /* MainViewController.swift */ = {isa = PBXFileReference; lastKnownFileType = sourcecode.swift; path = MainViewController.swift; sourceTree = "<group>"; };
		74183F922BB2E7C300CC62DB /* Assets.xcassets */ = {isa = PBXFileReference; lastKnownFileType = folder.assetcatalog; path = Assets.xcassets; sourceTree = "<group>"; };
		74183F972BB2E7C300CC62DB /* SwiftyTesterX.entitlements */ = {isa = PBXFileReference; lastKnownFileType = text.plist.entitlements; path = SwiftyTesterX.entitlements; sourceTree = "<group>"; };
		74183FA22BB2E96D00CC62DB /* MainMenuPresenter.swift */ = {isa = PBXFileReference; lastKnownFileType = sourcecode.swift; path = MainMenuPresenter.swift; sourceTree = "<group>"; };
		74183FA82BB2E9F000CC62DB /* SimulatorsListPresenter.swift */ = {isa = PBXFileReference; lastKnownFileType = sourcecode.swift; path = SimulatorsListPresenter.swift; sourceTree = "<group>"; };
		74183FAC2BB2EB7B00CC62DB /* SimulatorsListViewController.swift */ = {isa = PBXFileReference; lastKnownFileType = sourcecode.swift; path = SimulatorsListViewController.swift; sourceTree = "<group>"; };
		74183FAF2BB2F1B700CC62DB /* MainMenuFlowCoordinator.swift */ = {isa = PBXFileReference; lastKnownFileType = sourcecode.swift; path = MainMenuFlowCoordinator.swift; sourceTree = "<group>"; };
		74183FB12BB2F46E00CC62DB /* MainMenuModuleBuilder.swift */ = {isa = PBXFileReference; lastKnownFileType = sourcecode.swift; path = MainMenuModuleBuilder.swift; sourceTree = "<group>"; };
		74183FB52BB2FD9400CC62DB /* main.swift */ = {isa = PBXFileReference; lastKnownFileType = sourcecode.swift; path = main.swift; sourceTree = "<group>"; };
		74183FB72BB3057700CC62DB /* SimulatorsListModuleBuilder.swift */ = {isa = PBXFileReference; lastKnownFileType = sourcecode.swift; path = SimulatorsListModuleBuilder.swift; sourceTree = "<group>"; };
		74183FBA2BB30FC700CC62DB /* ConsoleCommandActivator.swift */ = {isa = PBXFileReference; lastKnownFileType = sourcecode.swift; path = ConsoleCommandActivator.swift; sourceTree = "<group>"; };
		74183FBD2BB310C200CC62DB /* Device.swift */ = {isa = PBXFileReference; lastKnownFileType = sourcecode.swift; path = Device.swift; sourceTree = "<group>"; };
		74183FBF2BB310E700CC62DB /* DeviceList.swift */ = {isa = PBXFileReference; lastKnownFileType = sourcecode.swift; path = DeviceList.swift; sourceTree = "<group>"; };
		74183FC12BB3110700CC62DB /* DeviceInfoParser.swift */ = {isa = PBXFileReference; lastKnownFileType = sourcecode.swift; path = DeviceInfoParser.swift; sourceTree = "<group>"; };
		749573762BB45E25006C3FE4 /* DeviceTableViewCell.swift */ = {isa = PBXFileReference; lastKnownFileType = sourcecode.swift; path = DeviceTableViewCell.swift; sourceTree = "<group>"; };
		9E21DEDE637AA61AC4C42668 /* Pods-SwiftyTesterX.release.xcconfig */ = {isa = PBXFileReference; includeInIndex = 1; lastKnownFileType = text.xcconfig; name = "Pods-SwiftyTesterX.release.xcconfig"; path = "Target Support Files/Pods-SwiftyTesterX/Pods-SwiftyTesterX.release.xcconfig"; sourceTree = "<group>"; };
		EAADB4258810D7FF84326F64 /* Pods_SwiftyTesterX.framework */ = {isa = PBXFileReference; explicitFileType = wrapper.framework; includeInIndex = 0; path = Pods_SwiftyTesterX.framework; sourceTree = BUILT_PRODUCTS_DIR; };
/* End PBXFileReference section */

/* Begin PBXFrameworksBuildPhase section */
		74183F882BB2E7C200CC62DB /* Frameworks */ = {
			isa = PBXFrameworksBuildPhase;
			buildActionMask = 2147483647;
			files = (
				F5490896E553747FA200A63C /* Pods_SwiftyTesterX.framework in Frameworks */,
			);
			runOnlyForDeploymentPostprocessing = 0;
		};
/* End PBXFrameworksBuildPhase section */

/* Begin PBXGroup section */
		6B7D6833FC90446EA42B762E /* Pods */ = {
			isa = PBXGroup;
			children = (
				1D710AAD7DA5901C485BA30B /* Pods-SwiftyTesterX.debug.xcconfig */,
				9E21DEDE637AA61AC4C42668 /* Pods-SwiftyTesterX.release.xcconfig */,
			);
			path = Pods;
			sourceTree = "<group>";
		};
		74183F822BB2E7C200CC62DB = {
			isa = PBXGroup;
			children = (
				74183F8D2BB2E7C200CC62DB /* SwiftyTesterX */,
				74183F8C2BB2E7C200CC62DB /* Products */,
				6B7D6833FC90446EA42B762E /* Pods */,
				9C245C307191D5D945BA8F4D /* Frameworks */,
			);
			sourceTree = "<group>";
		};
		74183F8C2BB2E7C200CC62DB /* Products */ = {
			isa = PBXGroup;
			children = (
				74183F8B2BB2E7C200CC62DB /* SwiftyTesterX.app */,
			);
			name = Products;
			sourceTree = "<group>";
		};
		74183F8D2BB2E7C200CC62DB /* SwiftyTesterX */ = {
			isa = PBXGroup;
			children = (
				74183FB92BB30FAC00CC62DB /* Common */,
				74183FAE2BB2F18D00CC62DB /* FlowCoordinators */,
				74183F9D2BB2E7FB00CC62DB /* Modules */,
				74183F8E2BB2E7C200CC62DB /* AppDelegate.swift */,
				74183F922BB2E7C300CC62DB /* Assets.xcassets */,
				74183F972BB2E7C300CC62DB /* SwiftyTesterX.entitlements */,
				74183FB52BB2FD9400CC62DB /* main.swift */,
			);
			path = SwiftyTesterX;
			sourceTree = "<group>";
		};
		74183F9D2BB2E7FB00CC62DB /* Modules */ = {
			isa = PBXGroup;
			children = (
				74183F9F2BB2E8BA00CC62DB /* SimulatorsList */,
				74183F9E2BB2E80700CC62DB /* MainMenu */,
			);
			path = Modules;
			sourceTree = "<group>";
		};
		74183F9E2BB2E80700CC62DB /* MainMenu */ = {
			isa = PBXGroup;
			children = (
				74183FA12BB2E8E100CC62DB /* Presenter */,
				74183FA02BB2E8D800CC62DB /* View */,
				74183FB12BB2F46E00CC62DB /* MainMenuModuleBuilder.swift */,
			);
			path = MainMenu;
			sourceTree = "<group>";
		};
		74183F9F2BB2E8BA00CC62DB /* SimulatorsList */ = {
			isa = PBXGroup;
			children = (
				74183FBC2BB310B500CC62DB /* Models */,
				74183FA72BB2E9DE00CC62DB /* Presenter */,
				74183FA42BB2E9BA00CC62DB /* View */,
				74183FB72BB3057700CC62DB /* SimulatorsListModuleBuilder.swift */,
			);
			path = SimulatorsList;
			sourceTree = "<group>";
		};
		74183FA02BB2E8D800CC62DB /* View */ = {
			isa = PBXGroup;
			children = (
				74183F902BB2E7C200CC62DB /* MainViewController.swift */,
			);
			path = View;
			sourceTree = "<group>";
		};
		74183FA12BB2E8E100CC62DB /* Presenter */ = {
			isa = PBXGroup;
			children = (
				74183FA22BB2E96D00CC62DB /* MainMenuPresenter.swift */,
			);
			path = Presenter;
			sourceTree = "<group>";
		};
		74183FA42BB2E9BA00CC62DB /* View */ = {
			isa = PBXGroup;
			children = (
				749573752BB45E15006C3FE4 /* Cells */,
				74183FAC2BB2EB7B00CC62DB /* SimulatorsListViewController.swift */,
			);
			path = View;
			sourceTree = "<group>";
		};
		74183FA72BB2E9DE00CC62DB /* Presenter */ = {
			isa = PBXGroup;
			children = (
				74183FA82BB2E9F000CC62DB /* SimulatorsListPresenter.swift */,
			);
			path = Presenter;
			sourceTree = "<group>";
		};
		74183FAE2BB2F18D00CC62DB /* FlowCoordinators */ = {
			isa = PBXGroup;
			children = (
				74183FAF2BB2F1B700CC62DB /* MainMenuFlowCoordinator.swift */,
			);
			path = FlowCoordinators;
			sourceTree = "<group>";
		};
		74183FB92BB30FAC00CC62DB /* Common */ = {
			isa = PBXGroup;
			children = (
				74183FBA2BB30FC700CC62DB /* ConsoleCommandActivator.swift */,
				74183FC12BB3110700CC62DB /* DeviceInfoParser.swift */,
			);
			path = Common;
			sourceTree = "<group>";
		};
		74183FBC2BB310B500CC62DB /* Models */ = {
			isa = PBXGroup;
			children = (
				74183FBD2BB310C200CC62DB /* Device.swift */,
				74183FBF2BB310E700CC62DB /* DeviceList.swift */,
			);
			path = Models;
			sourceTree = "<group>";
		};
		749573752BB45E15006C3FE4 /* Cells */ = {
			isa = PBXGroup;
			children = (
				749573762BB45E25006C3FE4 /* DeviceTableViewCell.swift */,
			);
			path = Cells;
			sourceTree = "<group>";
		};
		9C245C307191D5D945BA8F4D /* Frameworks */ = {
			isa = PBXGroup;
			children = (
				EAADB4258810D7FF84326F64 /* Pods_SwiftyTesterX.framework */,
			);
			name = Frameworks;
			sourceTree = "<group>";
		};
/* End PBXGroup section */

/* Begin PBXNativeTarget section */
		74183F8A2BB2E7C200CC62DB /* SwiftyTesterX */ = {
			isa = PBXNativeTarget;
			buildConfigurationList = 74183F9A2BB2E7C300CC62DB /* Build configuration list for PBXNativeTarget "SwiftyTesterX" */;
			buildPhases = (
				564FCB06BCC2C091BDBF2C8A /* [CP] Check Pods Manifest.lock */,
				74183F872BB2E7C200CC62DB /* Sources */,
				74183F882BB2E7C200CC62DB /* Frameworks */,
				74183F892BB2E7C200CC62DB /* Resources */,
				D137568707E17927F156C39B /* [CP] Embed Pods Frameworks */,
			);
			buildRules = (
			);
			dependencies = (
			);
			name = SwiftyTesterX;
			productName = SwiftyTesterX;
			productReference = 74183F8B2BB2E7C200CC62DB /* SwiftyTesterX.app */;
			productType = "com.apple.product-type.application";
		};
/* End PBXNativeTarget section */

/* Begin PBXProject section */
		74183F832BB2E7C200CC62DB /* Project object */ = {
			isa = PBXProject;
			attributes = {
				BuildIndependentTargetsInParallel = 1;
				LastSwiftUpdateCheck = 1500;
				LastUpgradeCheck = 1500;
				TargetAttributes = {
					74183F8A2BB2E7C200CC62DB = {
						CreatedOnToolsVersion = 15.0;
					};
				};
			};
			buildConfigurationList = 74183F862BB2E7C200CC62DB /* Build configuration list for PBXProject "SwiftyTesterX" */;
			compatibilityVersion = "Xcode 14.0";
			developmentRegion = en;
			hasScannedForEncodings = 0;
			knownRegions = (
				en,
				Base,
			);
			mainGroup = 74183F822BB2E7C200CC62DB;
			productRefGroup = 74183F8C2BB2E7C200CC62DB /* Products */;
			projectDirPath = "";
			projectRoot = "";
			targets = (
				74183F8A2BB2E7C200CC62DB /* SwiftyTesterX */,
			);
		};
/* End PBXProject section */

/* Begin PBXResourcesBuildPhase section */
		74183F892BB2E7C200CC62DB /* Resources */ = {
			isa = PBXResourcesBuildPhase;
			buildActionMask = 2147483647;
			files = (
				74183F932BB2E7C300CC62DB /* Assets.xcassets in Resources */,
			);
			runOnlyForDeploymentPostprocessing = 0;
		};
/* End PBXResourcesBuildPhase section */

/* Begin PBXShellScriptBuildPhase section */
		564FCB06BCC2C091BDBF2C8A /* [CP] Check Pods Manifest.lock */ = {
			isa = PBXShellScriptBuildPhase;
			buildActionMask = 2147483647;
			files = (
			);
			inputFileListPaths = (
			);
			inputPaths = (
				"${PODS_PODFILE_DIR_PATH}/Podfile.lock",
				"${PODS_ROOT}/Manifest.lock",
			);
			name = "[CP] Check Pods Manifest.lock";
			outputFileListPaths = (
			);
			outputPaths = (
				"$(DERIVED_FILE_DIR)/Pods-SwiftyTesterX-checkManifestLockResult.txt",
			);
			runOnlyForDeploymentPostprocessing = 0;
			shellPath = /bin/sh;
			shellScript = "diff \"${PODS_PODFILE_DIR_PATH}/Podfile.lock\" \"${PODS_ROOT}/Manifest.lock\" > /dev/null\nif [ $? != 0 ] ; then\n    # print error to STDERR\n    echo \"error: The sandbox is not in sync with the Podfile.lock. Run 'pod install' or update your CocoaPods installation.\" >&2\n    exit 1\nfi\n# This output is used by Xcode 'outputs' to avoid re-running this script phase.\necho \"SUCCESS\" > \"${SCRIPT_OUTPUT_FILE_0}\"\n";
			showEnvVarsInLog = 0;
		};
		D137568707E17927F156C39B /* [CP] Embed Pods Frameworks */ = {
			isa = PBXShellScriptBuildPhase;
			buildActionMask = 2147483647;
			files = (
			);
			inputFileListPaths = (
				"${PODS_ROOT}/Target Support Files/Pods-SwiftyTesterX/Pods-SwiftyTesterX-frameworks-${CONFIGURATION}-input-files.xcfilelist",
			);
			name = "[CP] Embed Pods Frameworks";
			outputFileListPaths = (
				"${PODS_ROOT}/Target Support Files/Pods-SwiftyTesterX/Pods-SwiftyTesterX-frameworks-${CONFIGURATION}-output-files.xcfilelist",
			);
			runOnlyForDeploymentPostprocessing = 0;
			shellPath = /bin/sh;
			shellScript = "\"${PODS_ROOT}/Target Support Files/Pods-SwiftyTesterX/Pods-SwiftyTesterX-frameworks.sh\"\n";
			showEnvVarsInLog = 0;
		};
/* End PBXShellScriptBuildPhase section */

/* Begin PBXSourcesBuildPhase section */
		74183F872BB2E7C200CC62DB /* Sources */ = {
			isa = PBXSourcesBuildPhase;
			buildActionMask = 2147483647;
			files = (
				74183FBE2BB310C200CC62DB /* Device.swift in Sources */,
				74183FB22BB2F46E00CC62DB /* MainMenuModuleBuilder.swift in Sources */,
				74183FB82BB3057700CC62DB /* SimulatorsListModuleBuilder.swift in Sources */,
				74183FC02BB310E700CC62DB /* DeviceList.swift in Sources */,
				74183FAD2BB2EB7B00CC62DB /* SimulatorsListViewController.swift in Sources */,
				74183FB62BB2FD9400CC62DB /* main.swift in Sources */,
				74183F912BB2E7C200CC62DB /* MainViewController.swift in Sources */,
				74183FBB2BB30FC700CC62DB /* ConsoleCommandActivator.swift in Sources */,
				74183FC22BB3110700CC62DB /* DeviceInfoParser.swift in Sources */,
				74183F8F2BB2E7C200CC62DB /* AppDelegate.swift in Sources */,
				74183FA32BB2E96D00CC62DB /* MainMenuPresenter.swift in Sources */,
				74183FB02BB2F1B700CC62DB /* MainMenuFlowCoordinator.swift in Sources */,
				74183FA92BB2E9F000CC62DB /* SimulatorsListPresenter.swift in Sources */,
				749573772BB45E25006C3FE4 /* DeviceTableViewCell.swift in Sources */,
			);
			runOnlyForDeploymentPostprocessing = 0;
		};
/* End PBXSourcesBuildPhase section */

/* Begin XCBuildConfiguration section */
		74183F982BB2E7C300CC62DB /* Debug */ = {
			isa = XCBuildConfiguration;
			buildSettings = {
				ALWAYS_SEARCH_USER_PATHS = NO;
				ASSETCATALOG_COMPILER_GENERATE_SWIFT_ASSET_SYMBOL_EXTENSIONS = YES;
				CLANG_ANALYZER_NONNULL = YES;
				CLANG_ANALYZER_NUMBER_OBJECT_CONVERSION = YES_AGGRESSIVE;
				CLANG_CXX_LANGUAGE_STANDARD = "gnu++20";
				CLANG_ENABLE_MODULES = YES;
				CLANG_ENABLE_OBJC_ARC = YES;
				CLANG_ENABLE_OBJC_WEAK = YES;
				CLANG_WARN_BLOCK_CAPTURE_AUTORELEASING = YES;
				CLANG_WARN_BOOL_CONVERSION = YES;
				CLANG_WARN_COMMA = YES;
				CLANG_WARN_CONSTANT_CONVERSION = YES;
				CLANG_WARN_DEPRECATED_OBJC_IMPLEMENTATIONS = YES;
				CLANG_WARN_DIRECT_OBJC_ISA_USAGE = YES_ERROR;
				CLANG_WARN_DOCUMENTATION_COMMENTS = YES;
				CLANG_WARN_EMPTY_BODY = YES;
				CLANG_WARN_ENUM_CONVERSION = YES;
				CLANG_WARN_INFINITE_RECURSION = YES;
				CLANG_WARN_INT_CONVERSION = YES;
				CLANG_WARN_NON_LITERAL_NULL_CONVERSION = YES;
				CLANG_WARN_OBJC_IMPLICIT_RETAIN_SELF = YES;
				CLANG_WARN_OBJC_LITERAL_CONVERSION = YES;
				CLANG_WARN_OBJC_ROOT_CLASS = YES_ERROR;
				CLANG_WARN_QUOTED_INCLUDE_IN_FRAMEWORK_HEADER = YES;
				CLANG_WARN_RANGE_LOOP_ANALYSIS = YES;
				CLANG_WARN_STRICT_PROTOTYPES = YES;
				CLANG_WARN_SUSPICIOUS_MOVE = YES;
				CLANG_WARN_UNGUARDED_AVAILABILITY = YES_AGGRESSIVE;
				CLANG_WARN_UNREACHABLE_CODE = YES;
				CLANG_WARN__DUPLICATE_METHOD_MATCH = YES;
				COPY_PHASE_STRIP = NO;
				DEBUG_INFORMATION_FORMAT = dwarf;
				ENABLE_STRICT_OBJC_MSGSEND = YES;
				ENABLE_TESTABILITY = YES;
				ENABLE_USER_SCRIPT_SANDBOXING = NO;
				GCC_C_LANGUAGE_STANDARD = gnu17;
				GCC_DYNAMIC_NO_PIC = NO;
				GCC_NO_COMMON_BLOCKS = YES;
				GCC_OPTIMIZATION_LEVEL = 0;
				GCC_PREPROCESSOR_DEFINITIONS = (
					"DEBUG=1",
					"$(inherited)",
				);
				GCC_WARN_64_TO_32_BIT_CONVERSION = YES;
				GCC_WARN_ABOUT_RETURN_TYPE = YES_ERROR;
				GCC_WARN_UNDECLARED_SELECTOR = YES;
				GCC_WARN_UNINITIALIZED_AUTOS = YES_AGGRESSIVE;
				GCC_WARN_UNUSED_FUNCTION = YES;
				GCC_WARN_UNUSED_VARIABLE = YES;
				LOCALIZATION_PREFERS_STRING_CATALOGS = YES;
				MACOSX_DEPLOYMENT_TARGET = 14.0;
				MTL_ENABLE_DEBUG_INFO = INCLUDE_SOURCE;
				MTL_FAST_MATH = YES;
				ONLY_ACTIVE_ARCH = YES;
				SDKROOT = macosx;
				SWIFT_ACTIVE_COMPILATION_CONDITIONS = "DEBUG $(inherited)";
				SWIFT_OPTIMIZATION_LEVEL = "-Onone";
			};
			name = Debug;
		};
		74183F992BB2E7C300CC62DB /* Release */ = {
			isa = XCBuildConfiguration;
			buildSettings = {
				ALWAYS_SEARCH_USER_PATHS = NO;
				ASSETCATALOG_COMPILER_GENERATE_SWIFT_ASSET_SYMBOL_EXTENSIONS = YES;
				CLANG_ANALYZER_NONNULL = YES;
				CLANG_ANALYZER_NUMBER_OBJECT_CONVERSION = YES_AGGRESSIVE;
				CLANG_CXX_LANGUAGE_STANDARD = "gnu++20";
				CLANG_ENABLE_MODULES = YES;
				CLANG_ENABLE_OBJC_ARC = YES;
				CLANG_ENABLE_OBJC_WEAK = YES;
				CLANG_WARN_BLOCK_CAPTURE_AUTORELEASING = YES;
				CLANG_WARN_BOOL_CONVERSION = YES;
				CLANG_WARN_COMMA = YES;
				CLANG_WARN_CONSTANT_CONVERSION = YES;
				CLANG_WARN_DEPRECATED_OBJC_IMPLEMENTATIONS = YES;
				CLANG_WARN_DIRECT_OBJC_ISA_USAGE = YES_ERROR;
				CLANG_WARN_DOCUMENTATION_COMMENTS = YES;
				CLANG_WARN_EMPTY_BODY = YES;
				CLANG_WARN_ENUM_CONVERSION = YES;
				CLANG_WARN_INFINITE_RECURSION = YES;
				CLANG_WARN_INT_CONVERSION = YES;
				CLANG_WARN_NON_LITERAL_NULL_CONVERSION = YES;
				CLANG_WARN_OBJC_IMPLICIT_RETAIN_SELF = YES;
				CLANG_WARN_OBJC_LITERAL_CONVERSION = YES;
				CLANG_WARN_OBJC_ROOT_CLASS = YES_ERROR;
				CLANG_WARN_QUOTED_INCLUDE_IN_FRAMEWORK_HEADER = YES;
				CLANG_WARN_RANGE_LOOP_ANALYSIS = YES;
				CLANG_WARN_STRICT_PROTOTYPES = YES;
				CLANG_WARN_SUSPICIOUS_MOVE = YES;
				CLANG_WARN_UNGUARDED_AVAILABILITY = YES_AGGRESSIVE;
				CLANG_WARN_UNREACHABLE_CODE = YES;
				CLANG_WARN__DUPLICATE_METHOD_MATCH = YES;
				COPY_PHASE_STRIP = NO;
				DEBUG_INFORMATION_FORMAT = "dwarf-with-dsym";
				ENABLE_NS_ASSERTIONS = NO;
				ENABLE_STRICT_OBJC_MSGSEND = YES;
				ENABLE_USER_SCRIPT_SANDBOXING = NO;
				GCC_C_LANGUAGE_STANDARD = gnu17;
				GCC_NO_COMMON_BLOCKS = YES;
				GCC_WARN_64_TO_32_BIT_CONVERSION = YES;
				GCC_WARN_ABOUT_RETURN_TYPE = YES_ERROR;
				GCC_WARN_UNDECLARED_SELECTOR = YES;
				GCC_WARN_UNINITIALIZED_AUTOS = YES_AGGRESSIVE;
				GCC_WARN_UNUSED_FUNCTION = YES;
				GCC_WARN_UNUSED_VARIABLE = YES;
				LOCALIZATION_PREFERS_STRING_CATALOGS = YES;
				MACOSX_DEPLOYMENT_TARGET = 14.0;
				MTL_ENABLE_DEBUG_INFO = NO;
				MTL_FAST_MATH = YES;
				SDKROOT = macosx;
				SWIFT_COMPILATION_MODE = wholemodule;
			};
			name = Release;
		};
		74183F9B2BB2E7C300CC62DB /* Debug */ = {
			isa = XCBuildConfiguration;
			baseConfigurationReference = 1D710AAD7DA5901C485BA30B /* Pods-SwiftyTesterX.debug.xcconfig */;
			buildSettings = {
				ASSETCATALOG_COMPILER_APPICON_NAME = AppIcon;
				ASSETCATALOG_COMPILER_GLOBAL_ACCENT_COLOR_NAME = AccentColor;
				CODE_SIGN_ENTITLEMENTS = SwiftyTesterX/SwiftyTesterX.entitlements;
				CODE_SIGN_STYLE = Automatic;
				COMBINE_HIDPI_IMAGES = YES;
				CURRENT_PROJECT_VERSION = 1;
				DEVELOPMENT_TEAM = K2W9WPT8C4;
				ENABLE_HARDENED_RUNTIME = YES;
				GENERATE_INFOPLIST_FILE = YES;
				INFOPLIST_KEY_NSHumanReadableCopyright = "";
				INFOPLIST_KEY_NSPrincipalClass = NSApplication;
				LD_RUNPATH_SEARCH_PATHS = (
					"$(inherited)",
					"@executable_path/../Frameworks",
				);
				MARKETING_VERSION = 1.0;
				PRODUCT_BUNDLE_IDENTIFIER = IldarArsl.SwiftyTesterX;
				PRODUCT_NAME = "$(TARGET_NAME)";
				SWIFT_EMIT_LOC_STRINGS = YES;
				SWIFT_VERSION = 5.0;
			};
			name = Debug;
		};
		74183F9C2BB2E7C300CC62DB /* Release */ = {
			isa = XCBuildConfiguration;
			baseConfigurationReference = 9E21DEDE637AA61AC4C42668 /* Pods-SwiftyTesterX.release.xcconfig */;
			buildSettings = {
				ASSETCATALOG_COMPILER_APPICON_NAME = AppIcon;
				ASSETCATALOG_COMPILER_GLOBAL_ACCENT_COLOR_NAME = AccentColor;
				CODE_SIGN_ENTITLEMENTS = SwiftyTesterX/SwiftyTesterX.entitlements;
				CODE_SIGN_STYLE = Automatic;
				COMBINE_HIDPI_IMAGES = YES;
				CURRENT_PROJECT_VERSION = 1;
				DEVELOPMENT_TEAM = K2W9WPT8C4;
				ENABLE_HARDENED_RUNTIME = YES;
				GENERATE_INFOPLIST_FILE = YES;
				INFOPLIST_KEY_NSHumanReadableCopyright = "";
				INFOPLIST_KEY_NSPrincipalClass = NSApplication;
				LD_RUNPATH_SEARCH_PATHS = (
					"$(inherited)",
					"@executable_path/../Frameworks",
				);
				MARKETING_VERSION = 1.0;
				PRODUCT_BUNDLE_IDENTIFIER = IldarArsl.SwiftyTesterX;
				PRODUCT_NAME = "$(TARGET_NAME)";
				SWIFT_EMIT_LOC_STRINGS = YES;
				SWIFT_VERSION = 5.0;
			};
			name = Release;
		};
/* End XCBuildConfiguration section */

/* Begin XCConfigurationList section */
		74183F862BB2E7C200CC62DB /* Build configuration list for PBXProject "SwiftyTesterX" */ = {
			isa = XCConfigurationList;
			buildConfigurations = (
				74183F982BB2E7C300CC62DB /* Debug */,
				74183F992BB2E7C300CC62DB /* Release */,
			);
			defaultConfigurationIsVisible = 0;
			defaultConfigurationName = Release;
		};
		74183F9A2BB2E7C300CC62DB /* Build configuration list for PBXNativeTarget "SwiftyTesterX" */ = {
			isa = XCConfigurationList;
			buildConfigurations = (
				74183F9B2BB2E7C300CC62DB /* Debug */,
				74183F9C2BB2E7C300CC62DB /* Release */,
			);
			defaultConfigurationIsVisible = 0;
			defaultConfigurationName = Release;
		};
/* End XCConfigurationList section */
	};
	rootObject = 74183F832BB2E7C200CC62DB /* Project object */;
}
